
Microsoft Visual Studio Solution File, Format Version 12.00
# Visual Studio 15
VisualStudioVersion = 15.0.27428.2015
MinimumVisualStudioVersion = 10.0.40219.1
Project("{FAE04EC0-301F-11D3-BF4B-00C04F79EFBC}") = "MethodParametersApp", "MethodParametersApp\MethodParametersApp.csproj", "{1B35F634-A668-4BD1-AFF8-A5C673DCCEBE}"
EndProject
Global
	GlobalSection(SolutionConfigurationPlatforms) = preSolution
		Debug|Any CPU = Debug|Any CPU
		Release|Any CPU = Release|Any CPU
	EndGlobalSection
	GlobalSection(ProjectConfigurationPlatforms) = postSolution
		{1B35F634-A668-4BD1-AFF8-A5C673DCCEBE}.Debug|Any CPU.ActiveCfg = Debug|Any CPU
		{1B35F634-A668-4BD1-AFF8-A5C673DCCEBE}.Debug|Any CPU.Build.0 = Debug|Any CPU
		{1B35F634-A668-4BD1-AFF8-A5C673DCCEBE}.Release|Any CPU.ActiveCfg = Release|Any CPU
		{1B35F634-A668-4BD1-AFF8-A5C673DCCEBE}.Release|Any CPU.Build.0 = Release|Any CPU
	EndGlobalSection
	GlobalSection(SolutionProperties) = preSolution
		HideSolutionNode = FALSE
	EndGlobalSection
	GlobalSection(ExtensibilityGlobals) = postSolution
		SolutionGuid = {30E4330F-371B-4C96-A6BF-B6036FE3AC9D}
	EndGlobalSection
EndGlobal
